
Microsoft Visual Studio Solution File, Format Version 12.00
# Visual Studio Version 17
VisualStudioVersion = 17.6.33712.159
MinimumVisualStudioVersion = 15.0.26124.0
Project("{2150E333-8FDC-42A3-9474-1A3956D46DE8}") = "build", "build", "{8A6F61D3-076F-4B75-80A1-FF377AC69D73}"
	ProjectSection(SolutionItems) = preProject
		.gitattributes = .gitattributes
		.gitignore = .gitignore
		Directory.Build.props = Directory.Build.props
		LICENSE.txt = LICENSE.txt
		README.md = README.md
		build\Version.props = build\Version.props
	EndProjectSection
EndProject
Project("{9A19103F-16F7-4668-BE54-9A1E7A4F7556}") = "dotnetCampus.LatestCSharpFeatures", "src\dotnetCampus.LatestCSharpFeatures\dotnetCampus.LatestCSharpFeatures.csproj", "{D0B0F7EB-3C81-45C4-BB47-5DCB16F2EA55}"
	ProjectSection(ProjectDependencies) = postProject
		{642FA0CA-E827-4D96-9358-D596CD87DAF4} = {642FA0CA-E827-4D96-9358-D596CD87DAF4}
	EndProjectSection
EndProject
Project("{2150E333-8FDC-42A3-9474-1A3956D46DE8}") = "tests", "tests", "{878C1D77-0A77-44BD-847E-164188B10677}"
EndProject
Project("{9A19103F-16F7-4668-BE54-9A1E7A4F7556}") = "dotnetCampus.LatestCSharpFeatures.Tests", "tests\dotnetCampus.LatestCSharpFeatures.Tests\dotnetCampus.LatestCSharpFeatures.Tests.csproj", "{D10BF09A-FDF3-43F0-BD54-49A73554CDAB}"
EndProject
Project("{9A19103F-16F7-4668-BE54-9A1E7A4F7556}") = "dotnetCampus.LatestCSharpFeatures.Analyzer", "src\dotnetCampus.LatestCSharpFeatures.Analyzer\dotnetCampus.LatestCSharpFeatures.Analyzer.csproj", "{642FA0CA-E827-4D96-9358-D596CD87DAF4}"
EndProject
Global
	GlobalSection(SolutionConfigurationPlatforms) = preSolution
		Debug|Any CPU = Debug|Any CPU
		Release|Any CPU = Release|Any CPU
	EndGlobalSection
	GlobalSection(ProjectConfigurationPlatforms) = postSolution
		{D0B0F7EB-3C81-45C4-BB47-5DCB16F2EA55}.Debug|Any CPU.ActiveCfg = Debug|Any CPU
		{D0B0F7EB-3C81-45C4-BB47-5DCB16F2EA55}.Debug|Any CPU.Build.0 = Debug|Any CPU
		{D0B0F7EB-3C81-45C4-BB47-5DCB16F2EA55}.Release|Any CPU.ActiveCfg = Release|Any CPU
		{D0B0F7EB-3C81-45C4-BB47-5DCB16F2EA55}.Release|Any CPU.Build.0 = Release|Any CPU
		{D10BF09A-FDF3-43F0-BD54-49A73554CDAB}.Debug|Any CPU.ActiveCfg = Debug|Any CPU
		{D10BF09A-FDF3-43F0-BD54-49A73554CDAB}.Debug|Any CPU.Build.0 = Debug|Any CPU
		{D10BF09A-FDF3-43F0-BD54-49A73554CDAB}.Release|Any CPU.ActiveCfg = Release|Any CPU
		{D10BF09A-FDF3-43F0-BD54-49A73554CDAB}.Release|Any CPU.Build.0 = Release|Any CPU
		{642FA0CA-E827-4D96-9358-D596CD87DAF4}.Debug|Any CPU.ActiveCfg = Debug|Any CPU
		{642FA0CA-E827-4D96-9358-D596CD87DAF4}.Debug|Any CPU.Build.0 = Debug|Any CPU
		{642FA0CA-E827-4D96-9358-D596CD87DAF4}.Release|Any CPU.ActiveCfg = Release|Any CPU
		{642FA0CA-E827-4D96-9358-D596CD87DAF4}.Release|Any CPU.Build.0 = Release|Any CPU
	EndGlobalSection
	GlobalSection(SolutionProperties) = preSolution
		HideSolutionNode = FALSE
	EndGlobalSection
	GlobalSection(NestedProjects) = preSolution
		{D10BF09A-FDF3-43F0-BD54-49A73554CDAB} = {878C1D77-0A77-44BD-847E-164188B10677}
	EndGlobalSection
	GlobalSection(ExtensibilityGlobals) = postSolution
		SolutionGuid = {C90536BB-EF2C-4F5A-ABA9-27A8F412D3C3}
	EndGlobalSection
EndGlobal
