
Microsoft Visual Studio Solution File, Format Version 12.00
# Visual Studio Version 17
VisualStudioVersion = 17.6.33712.159
MinimumVisualStudioVersion = 15.0.26124.0
Project("{9A19103F-16F7-4668-BE54-9A1E7A4F7556}") = "dotnetCampus.Nullable", "src\dotnetCampus.Nullable\dotnetCampus.Nullable.csproj", "{2ECF1CEB-070E-4933-93C4-F7FD42D8693C}"
EndProject
Project("{9A19103F-16F7-4668-BE54-9A1E7A4F7556}") = "dotnetCampus.Nullable.Source", "dotnetCampus.Nullable.Source\dotnetCampus.Nullable.Source.csproj", "{9A7C6595-ED09-42E6-B05F-3F8EEC29BCD5}"
EndProject
Project("{2150E333-8FDC-42A3-9474-1A3956D46DE8}") = "解决方案项", "解决方案项", "{8A6F61D3-076F-4B75-80A1-FF377AC69D73}"
	ProjectSection(SolutionItems) = preProject
		.gitattributes = .gitattributes
		.gitignore = .gitignore
		Directory.Build.props = Directory.Build.props
		LICENSE.txt = LICENSE.txt
		README.md = README.md
		build\Version.props = build\Version.props
	EndProjectSection
EndProject
Project("{9A19103F-16F7-4668-BE54-9A1E7A4F7556}") = "dotnetCampus.IsExternalInit", "src\dotnetCampus.IsExternalInit\dotnetCampus.IsExternalInit.csproj", "{0DDC38EF-851E-49E7-B72A-DF46E44E3586}"
EndProject
Project("{FAE04EC0-301F-11D3-BF4B-00C04F79EFBC}") = "dotnetCampus.IsExternalInit.Source", "src\dotnetCampus.IsExternalInit.Source\dotnetCampus.IsExternalInit.Source.csproj", "{94E8B753-81BF-44DC-A8D6-AC1D1FE54244}"
EndProject
Project("{FAE04EC0-301F-11D3-BF4B-00C04F79EFBC}") = "dotnetCampus.Required", "src\dotnetCampus.Required\dotnetCampus.Required.csproj", "{6ED76C7A-A16A-45A5-BC1F-91A880839C31}"
EndProject
Project("{FAE04EC0-301F-11D3-BF4B-00C04F79EFBC}") = "dotnetCampus.Required.Source", "src\dotnetCampus.Required.Source\dotnetCampus.Required.Source.csproj", "{4EBF62CB-613E-4496-B890-B1F433ED7581}"
EndProject
Global
	GlobalSection(SolutionConfigurationPlatforms) = preSolution
		Debug|Any CPU = Debug|Any CPU
		Release|Any CPU = Release|Any CPU
	EndGlobalSection
	GlobalSection(ProjectConfigurationPlatforms) = postSolution
		{2ECF1CEB-070E-4933-93C4-F7FD42D8693C}.Debug|Any CPU.ActiveCfg = Debug|Any CPU
		{2ECF1CEB-070E-4933-93C4-F7FD42D8693C}.Debug|Any CPU.Build.0 = Debug|Any CPU
		{2ECF1CEB-070E-4933-93C4-F7FD42D8693C}.Release|Any CPU.ActiveCfg = Release|Any CPU
		{2ECF1CEB-070E-4933-93C4-F7FD42D8693C}.Release|Any CPU.Build.0 = Release|Any CPU
		{9A7C6595-ED09-42E6-B05F-3F8EEC29BCD5}.Debug|Any CPU.ActiveCfg = Debug|Any CPU
		{9A7C6595-ED09-42E6-B05F-3F8EEC29BCD5}.Debug|Any CPU.Build.0 = Debug|Any CPU
		{9A7C6595-ED09-42E6-B05F-3F8EEC29BCD5}.Release|Any CPU.ActiveCfg = Release|Any CPU
		{9A7C6595-ED09-42E6-B05F-3F8EEC29BCD5}.Release|Any CPU.Build.0 = Release|Any CPU
		{0DDC38EF-851E-49E7-B72A-DF46E44E3586}.Debug|Any CPU.ActiveCfg = Debug|Any CPU
		{0DDC38EF-851E-49E7-B72A-DF46E44E3586}.Debug|Any CPU.Build.0 = Debug|Any CPU
		{0DDC38EF-851E-49E7-B72A-DF46E44E3586}.Release|Any CPU.ActiveCfg = Release|Any CPU
		{0DDC38EF-851E-49E7-B72A-DF46E44E3586}.Release|Any CPU.Build.0 = Release|Any CPU
		{94E8B753-81BF-44DC-A8D6-AC1D1FE54244}.Debug|Any CPU.ActiveCfg = Debug|Any CPU
		{94E8B753-81BF-44DC-A8D6-AC1D1FE54244}.Debug|Any CPU.Build.0 = Debug|Any CPU
		{94E8B753-81BF-44DC-A8D6-AC1D1FE54244}.Release|Any CPU.ActiveCfg = Release|Any CPU
		{94E8B753-81BF-44DC-A8D6-AC1D1FE54244}.Release|Any CPU.Build.0 = Release|Any CPU
		{6ED76C7A-A16A-45A5-BC1F-91A880839C31}.Debug|Any CPU.ActiveCfg = Debug|Any CPU
		{6ED76C7A-A16A-45A5-BC1F-91A880839C31}.Debug|Any CPU.Build.0 = Debug|Any CPU
		{6ED76C7A-A16A-45A5-BC1F-91A880839C31}.Release|Any CPU.ActiveCfg = Release|Any CPU
		{6ED76C7A-A16A-45A5-BC1F-91A880839C31}.Release|Any CPU.Build.0 = Release|Any CPU
		{4EBF62CB-613E-4496-B890-B1F433ED7581}.Debug|Any CPU.ActiveCfg = Debug|Any CPU
		{4EBF62CB-613E-4496-B890-B1F433ED7581}.Debug|Any CPU.Build.0 = Debug|Any CPU
		{4EBF62CB-613E-4496-B890-B1F433ED7581}.Release|Any CPU.ActiveCfg = Release|Any CPU
		{4EBF62CB-613E-4496-B890-B1F433ED7581}.Release|Any CPU.Build.0 = Release|Any CPU
	EndGlobalSection
	GlobalSection(SolutionProperties) = preSolution
		HideSolutionNode = FALSE
	EndGlobalSection
	GlobalSection(ExtensibilityGlobals) = postSolution
		SolutionGuid = {C90536BB-EF2C-4F5A-ABA9-27A8F412D3C3}
	EndGlobalSection
EndGlobal
